
Microsoft Visual Studio Solution File, Format Version 12.00
# Visual Studio Version 17
VisualStudioVersion = 17.6.33829.357
MinimumVisualStudioVersion = 10.0.40219.1
Project("{9A19103F-16F7-4668-BE54-9A1E7A4F7556}") = "Rover", "Rover\Rover.csproj", "{04DB34F1-E730-4CCE-A542-A237E92F378A}"
EndProject
Project("{FAE04EC0-301F-11D3-BF4B-00C04F79EFBC}") = "RoverTests", "RoverTests\RoverTests.csproj", "{0C3EFADB-713A-427D-B8C8-871897F244B3}"
EndProject
Global
	GlobalSection(SolutionConfigurationPlatforms) = preSolution
		Debug|Any CPU = Debug|Any CPU
		Release|Any CPU = Release|Any CPU
	EndGlobalSection
	GlobalSection(ProjectConfigurationPlatforms) = postSolution
		{04DB34F1-E730-4CCE-A542-A237E92F378A}.Debug|Any CPU.ActiveCfg = Debug|Any CPU
		{04DB34F1-E730-4CCE-A542-A237E92F378A}.Debug|Any CPU.Build.0 = Debug|Any CPU
		{04DB34F1-E730-4CCE-A542-A237E92F378A}.Release|Any CPU.ActiveCfg = Release|Any CPU
		{04DB34F1-E730-4CCE-A542-A237E92F378A}.Release|Any CPU.Build.0 = Release|Any CPU
		{0C3EFADB-713A-427D-B8C8-871897F244B3}.Debug|Any CPU.ActiveCfg = Debug|Any CPU
		{0C3EFADB-713A-427D-B8C8-871897F244B3}.Debug|Any CPU.Build.0 = Debug|Any CPU
		{0C3EFADB-713A-427D-B8C8-871897F244B3}.Release|Any CPU.ActiveCfg = Release|Any CPU
		{0C3EFADB-713A-427D-B8C8-871897F244B3}.Release|Any CPU.Build.0 = Release|Any CPU
	EndGlobalSection
	GlobalSection(SolutionProperties) = preSolution
		HideSolutionNode = FALSE
	EndGlobalSection
	GlobalSection(ExtensibilityGlobals) = postSolution
		SolutionGuid = {92BED943-FBB5-401D-A161-7F6FC1AD6E97}
	EndGlobalSection
EndGlobal
